
Microsoft Visual Studio Solution File, Format Version 12.00
# Visual Studio Version 17
VisualStudioVersion = 17.10.35122.118
MinimumVisualStudioVersion = 10.0.40219.1
Project("{FAE04EC0-301F-11D3-BF4B-00C04F79EFBC}") = "Physics", "Physics.csproj", "{822AB019-FF14-404E-B47C-DA0934F423A9}"
EndProject
Global
	GlobalSection(SolutionConfigurationPlatforms) = preSolution
		Debug|Any CPU = Debug|Any CPU
		Release|Any CPU = Release|Any CPU
	EndGlobalSection
	GlobalSection(ProjectConfigurationPlatforms) = postSolution
		{822AB019-FF14-404E-B47C-DA0934F423A9}.Debug|Any CPU.ActiveCfg = Debug|Any CPU
		{822AB019-FF14-404E-B47C-DA0934F423A9}.Debug|Any CPU.Build.0 = Debug|Any CPU
		{822AB019-FF14-404E-B47C-DA0934F423A9}.Release|Any CPU.ActiveCfg = Release|Any CPU
		{822AB019-FF14-404E-B47C-DA0934F423A9}.Release|Any CPU.Build.0 = Release|Any CPU
	EndGlobalSection
	GlobalSection(SolutionProperties) = preSolution
		HideSolutionNode = FALSE
	EndGlobalSection
	GlobalSection(ExtensibilityGlobals) = postSolution
		SolutionGuid = {DBD576EF-5935-498F-BE8F-5BD710C1350E}
	EndGlobalSection
EndGlobal
